
Microsoft Visual Studio Solution File, Format Version 12.00
# Visual Studio Version 16
VisualStudioVersion = 16.0.29709.97
MinimumVisualStudioVersion = 10.0.40219.1
Project("{9A19103F-16F7-4668-BE54-9A1E7A4F7556}") = "WKExample.Api", "WKExample.Api\WKExample.Api.csproj", "{0EA7D476-D594-47E3-ABF7-8B8DD5124602}"
EndProject
Project("{9A19103F-16F7-4668-BE54-9A1E7A4F7556}") = "WKExample.Application", "WKExample.Application\WKExample.Application.csproj", "{284C7B1F-D30B-424C-A39F-6F7C056F376A}"
EndProject
Project("{9A19103F-16F7-4668-BE54-9A1E7A4F7556}") = "WKExample.Infrastructure", "WKExample.Infrastructure\WKExample.Infrastructure.csproj", "{6AACBBD7-801E-4AD6-9872-71898A34821A}"
EndProject
Project("{9A19103F-16F7-4668-BE54-9A1E7A4F7556}") = "WKExample.Domain", "WKExample.Domain\WKExample.Domain.csproj", "{15BB830A-2259-46C6-BC00-B4B8AF121A9D}"
EndProject
Project("{9A19103F-16F7-4668-BE54-9A1E7A4F7556}") = "WKExample.Shared", "WKExample.Shared\WKExample.Shared.csproj", "{CEEB817B-30A4-4BBD-9AE6-1A3854D6CFF7}"
EndProject
Project("{FAE04EC0-301F-11D3-BF4B-00C04F79EFBC}") = "WKExample.Domain.Tests", "WKExample.Domain.Tests\WKExample.Domain.Tests.csproj", "{157A3DC1-43A0-41FA-A982-E56716D64052}"
EndProject
Global
	GlobalSection(SolutionConfigurationPlatforms) = preSolution
		Debug|Any CPU = Debug|Any CPU
		Release|Any CPU = Release|Any CPU
	EndGlobalSection
	GlobalSection(ProjectConfigurationPlatforms) = postSolution
		{0EA7D476-D594-47E3-ABF7-8B8DD5124602}.Debug|Any CPU.ActiveCfg = Debug|Any CPU
		{0EA7D476-D594-47E3-ABF7-8B8DD5124602}.Debug|Any CPU.Build.0 = Debug|Any CPU
		{0EA7D476-D594-47E3-ABF7-8B8DD5124602}.Release|Any CPU.ActiveCfg = Release|Any CPU
		{0EA7D476-D594-47E3-ABF7-8B8DD5124602}.Release|Any CPU.Build.0 = Release|Any CPU
		{284C7B1F-D30B-424C-A39F-6F7C056F376A}.Debug|Any CPU.ActiveCfg = Debug|Any CPU
		{284C7B1F-D30B-424C-A39F-6F7C056F376A}.Debug|Any CPU.Build.0 = Debug|Any CPU
		{284C7B1F-D30B-424C-A39F-6F7C056F376A}.Release|Any CPU.ActiveCfg = Release|Any CPU
		{284C7B1F-D30B-424C-A39F-6F7C056F376A}.Release|Any CPU.Build.0 = Release|Any CPU
		{6AACBBD7-801E-4AD6-9872-71898A34821A}.Debug|Any CPU.ActiveCfg = Debug|Any CPU
		{6AACBBD7-801E-4AD6-9872-71898A34821A}.Debug|Any CPU.Build.0 = Debug|Any CPU
		{6AACBBD7-801E-4AD6-9872-71898A34821A}.Release|Any CPU.ActiveCfg = Release|Any CPU
		{6AACBBD7-801E-4AD6-9872-71898A34821A}.Release|Any CPU.Build.0 = Release|Any CPU
		{15BB830A-2259-46C6-BC00-B4B8AF121A9D}.Debug|Any CPU.ActiveCfg = Debug|Any CPU
		{15BB830A-2259-46C6-BC00-B4B8AF121A9D}.Debug|Any CPU.Build.0 = Debug|Any CPU
		{15BB830A-2259-46C6-BC00-B4B8AF121A9D}.Release|Any CPU.ActiveCfg = Release|Any CPU
		{15BB830A-2259-46C6-BC00-B4B8AF121A9D}.Release|Any CPU.Build.0 = Release|Any CPU
		{CEEB817B-30A4-4BBD-9AE6-1A3854D6CFF7}.Debug|Any CPU.ActiveCfg = Debug|Any CPU
		{CEEB817B-30A4-4BBD-9AE6-1A3854D6CFF7}.Debug|Any CPU.Build.0 = Debug|Any CPU
		{CEEB817B-30A4-4BBD-9AE6-1A3854D6CFF7}.Release|Any CPU.ActiveCfg = Release|Any CPU
		{CEEB817B-30A4-4BBD-9AE6-1A3854D6CFF7}.Release|Any CPU.Build.0 = Release|Any CPU
		{157A3DC1-43A0-41FA-A982-E56716D64052}.Debug|Any CPU.ActiveCfg = Debug|Any CPU
		{157A3DC1-43A0-41FA-A982-E56716D64052}.Debug|Any CPU.Build.0 = Debug|Any CPU
		{157A3DC1-43A0-41FA-A982-E56716D64052}.Release|Any CPU.ActiveCfg = Release|Any CPU
		{157A3DC1-43A0-41FA-A982-E56716D64052}.Release|Any CPU.Build.0 = Release|Any CPU
	EndGlobalSection
	GlobalSection(SolutionProperties) = preSolution
		HideSolutionNode = FALSE
	EndGlobalSection
	GlobalSection(ExtensibilityGlobals) = postSolution
		SolutionGuid = {1EE59C75-9EC3-47B6-9201-13073B06B78F}
	EndGlobalSection
EndGlobal
